
Microsoft Visual Studio Solution File, Format Version 12.00
# Visual Studio Version 17
VisualStudioVersion = 17.8.34309.116
MinimumVisualStudioVersion = 10.0.40219.1
Project("{FAE04EC0-301F-11D3-BF4B-00C04F79EFBC}") = "DIYHomeAutomationAPI", "DIYHomeAutomationAPI\DIYHomeAutomationAPI.csproj", "{3E147671-49A5-444B-89B5-208EA58D8E21}"
EndProject
Global
	GlobalSection(SolutionConfigurationPlatforms) = preSolution
		Debug|Any CPU = Debug|Any CPU
		Release|Any CPU = Release|Any CPU
	EndGlobalSection
	GlobalSection(ProjectConfigurationPlatforms) = postSolution
		{3E147671-49A5-444B-89B5-208EA58D8E21}.Debug|Any CPU.ActiveCfg = Debug|Any CPU
		{3E147671-49A5-444B-89B5-208EA58D8E21}.Debug|Any CPU.Build.0 = Debug|Any CPU
		{3E147671-49A5-444B-89B5-208EA58D8E21}.Release|Any CPU.ActiveCfg = Release|Any CPU
		{3E147671-49A5-444B-89B5-208EA58D8E21}.Release|Any CPU.Build.0 = Release|Any CPU
	EndGlobalSection
	GlobalSection(SolutionProperties) = preSolution
		HideSolutionNode = FALSE
	EndGlobalSection
	GlobalSection(ExtensibilityGlobals) = postSolution
		SolutionGuid = {840DE65E-22B7-4FC9-BABD-F51D2CB42BD5}
	EndGlobalSection
EndGlobal
