
Microsoft Visual Studio Solution File, Format Version 12.00
# Visual Studio Version 17
VisualStudioVersion = 17.7.34221.43
MinimumVisualStudioVersion = 10.0.40219.1
Project("{FAE04EC0-301F-11D3-BF4B-00C04F79EFBC}") = "DIYHomeAutomationAPI", "DIYHomeAutomationAPI\DIYHomeAutomationAPI.csproj", "{3AC91AA0-3749-4B92-B0D9-E4C3674B28C2}"
EndProject
Global
	GlobalSection(SolutionConfigurationPlatforms) = preSolution
		Debug|Any CPU = Debug|Any CPU
		Release|Any CPU = Release|Any CPU
	EndGlobalSection
	GlobalSection(ProjectConfigurationPlatforms) = postSolution
		{3AC91AA0-3749-4B92-B0D9-E4C3674B28C2}.Debug|Any CPU.ActiveCfg = Debug|Any CPU
		{3AC91AA0-3749-4B92-B0D9-E4C3674B28C2}.Debug|Any CPU.Build.0 = Debug|Any CPU
		{3AC91AA0-3749-4B92-B0D9-E4C3674B28C2}.Release|Any CPU.ActiveCfg = Release|Any CPU
		{3AC91AA0-3749-4B92-B0D9-E4C3674B28C2}.Release|Any CPU.Build.0 = Release|Any CPU
	EndGlobalSection
	GlobalSection(SolutionProperties) = preSolution
		HideSolutionNode = FALSE
	EndGlobalSection
	GlobalSection(ExtensibilityGlobals) = postSolution
		SolutionGuid = {768701D3-7117-4B2B-B047-29ABF92B7C20}
	EndGlobalSection
EndGlobal
